
Microsoft Visual Studio Solution File, Format Version 12.00
# Visual Studio Version 17
VisualStudioVersion = 17.7.34031.279
MinimumVisualStudioVersion = 10.0.40219.1
Project("{8BC9CEB8-8B4A-11D0-8D11-00A0C91BC942}") = "SadAge", "SadAge\SadAge.vcxproj", "{9CF4D60C-CC24-47DD-AC58-88D8220DE573}"
EndProject
Global
	GlobalSection(SolutionConfigurationPlatforms) = preSolution
		Debug|x64 = Debug|x64
		Debug|x86 = Debug|x86
		Release|x64 = Release|x64
		Release|x86 = Release|x86
	EndGlobalSection
	GlobalSection(ProjectConfigurationPlatforms) = postSolution
		{9CF4D60C-CC24-47DD-AC58-88D8220DE573}.Debug|x64.ActiveCfg = Debug|x64
		{9CF4D60C-CC24-47DD-AC58-88D8220DE573}.Debug|x64.Build.0 = Debug|x64
		{9CF4D60C-CC24-47DD-AC58-88D8220DE573}.Debug|x86.ActiveCfg = Debug|Win32
		{9CF4D60C-CC24-47DD-AC58-88D8220DE573}.Debug|x86.Build.0 = Debug|Win32
		{9CF4D60C-CC24-47DD-AC58-88D8220DE573}.Release|x64.ActiveCfg = Release|x64
		{9CF4D60C-CC24-47DD-AC58-88D8220DE573}.Release|x64.Build.0 = Release|x64
		{9CF4D60C-CC24-47DD-AC58-88D8220DE573}.Release|x86.ActiveCfg = Release|Win32
		{9CF4D60C-CC24-47DD-AC58-88D8220DE573}.Release|x86.Build.0 = Release|Win32
	EndGlobalSection
	GlobalSection(SolutionProperties) = preSolution
		HideSolutionNode = FALSE
	EndGlobalSection
	GlobalSection(ExtensibilityGlobals) = postSolution
		SolutionGuid = {6456B141-A03E-4AB3-94D4-D33E86A37276}
	EndGlobalSection
EndGlobal
